
Microsoft Visual Studio Solution File, Format Version 12.00
# Visual Studio Version 17
VisualStudioVersion = 17.2.32616.157
MinimumVisualStudioVersion = 10.0.40219.1
Project("{FAE04EC0-301F-11D3-BF4B-00C04F79EFBC}") = "FactoryMethodPattern", "FactoryMethodPattern.csproj", "{1E22B939-5BFF-45EB-9965-E45AAC92F8AD}"
EndProject
Global
	GlobalSection(SolutionConfigurationPlatforms) = preSolution
		Debug|Any CPU = Debug|Any CPU
		Release|Any CPU = Release|Any CPU
	EndGlobalSection
	GlobalSection(ProjectConfigurationPlatforms) = postSolution
		{1E22B939-5BFF-45EB-9965-E45AAC92F8AD}.Debug|Any CPU.ActiveCfg = Debug|Any CPU
		{1E22B939-5BFF-45EB-9965-E45AAC92F8AD}.Debug|Any CPU.Build.0 = Debug|Any CPU
		{1E22B939-5BFF-45EB-9965-E45AAC92F8AD}.Release|Any CPU.ActiveCfg = Release|Any CPU
		{1E22B939-5BFF-45EB-9965-E45AAC92F8AD}.Release|Any CPU.Build.0 = Release|Any CPU
	EndGlobalSection
	GlobalSection(SolutionProperties) = preSolution
		HideSolutionNode = FALSE
	EndGlobalSection
	GlobalSection(ExtensibilityGlobals) = postSolution
		SolutionGuid = {72133E64-E9FB-48B7-8743-FD2FBAF03B39}
	EndGlobalSection
EndGlobal
